{
  "name": "study_english",
  "requires": true,
  "lockfileVersion": 1,
  "dependencies": {
    "css-doodle": {
      "version": "0.8.5",
      "resolved": "https://registry.npmjs.org/css-doodle/-/css-doodle-0.8.5.tgz",
      "integrity": "sha512-o98zIqciZRlIBE+fWZdH5eMZguHMpgoX1MRtPoSTmA5itETpHKNMJIQRRDV+Exvj++GvGZh/wC0FEBo81fozuw=="
    }
  }
}
